
Microsoft Visual Studio Solution File, Format Version 12.00
# Visual Studio Version 17
VisualStudioVersion = 17.6.33723.286
MinimumVisualStudioVersion = 10.0.40219.1
Project("{FAE04EC0-301F-11D3-BF4B-00C04F79EFBC}") = "ArduinoController", "ArduinoController.csproj", "{EDD194CC-FF71-4FF4-B79F-AA041F4D4B26}"
EndProject
Global
	GlobalSection(SolutionConfigurationPlatforms) = preSolution
		Debug|Any CPU = Debug|Any CPU
		Release|Any CPU = Release|Any CPU
	EndGlobalSection
	GlobalSection(ProjectConfigurationPlatforms) = postSolution
		{EDD194CC-FF71-4FF4-B79F-AA041F4D4B26}.Debug|Any CPU.ActiveCfg = Debug|Any CPU
		{EDD194CC-FF71-4FF4-B79F-AA041F4D4B26}.Debug|Any CPU.Build.0 = Debug|Any CPU
		{EDD194CC-FF71-4FF4-B79F-AA041F4D4B26}.Release|Any CPU.ActiveCfg = Release|Any CPU
		{EDD194CC-FF71-4FF4-B79F-AA041F4D4B26}.Release|Any CPU.Build.0 = Release|Any CPU
	EndGlobalSection
	GlobalSection(SolutionProperties) = preSolution
		HideSolutionNode = FALSE
	EndGlobalSection
	GlobalSection(ExtensibilityGlobals) = postSolution
		SolutionGuid = {CCFBA7C8-731B-45B0-B930-E7235BE6D09F}
	EndGlobalSection
EndGlobal
